
Microsoft Visual Studio Solution File, Format Version 12.00
# Visual Studio Version 17
VisualStudioVersion = 17.8.34525.116
MinimumVisualStudioVersion = 10.0.40219.1
Project("{FAE04EC0-301F-11D3-BF4B-00C04F79EFBC}") = "HomeworkDll1", "HomeworkDll1\HomeworkDll1.csproj", "{2523B6D0-E2B0-4932-AD29-06B09172F9E7}"
EndProject
Global
	GlobalSection(SolutionConfigurationPlatforms) = preSolution
		Debug|Any CPU = Debug|Any CPU
		Release|Any CPU = Release|Any CPU
	EndGlobalSection
	GlobalSection(ProjectConfigurationPlatforms) = postSolution
		{2523B6D0-E2B0-4932-AD29-06B09172F9E7}.Debug|Any CPU.ActiveCfg = Debug|Any CPU
		{2523B6D0-E2B0-4932-AD29-06B09172F9E7}.Debug|Any CPU.Build.0 = Debug|Any CPU
		{2523B6D0-E2B0-4932-AD29-06B09172F9E7}.Release|Any CPU.ActiveCfg = Release|Any CPU
		{2523B6D0-E2B0-4932-AD29-06B09172F9E7}.Release|Any CPU.Build.0 = Release|Any CPU
	EndGlobalSection
	GlobalSection(SolutionProperties) = preSolution
		HideSolutionNode = FALSE
	EndGlobalSection
	GlobalSection(ExtensibilityGlobals) = postSolution
		SolutionGuid = {3D083015-161A-417E-85FC-744442B7B903}
	EndGlobalSection
EndGlobal
